{
    "_meta": {
        "hash": {
            "sha256": "b21680245a88f626f5a4e9992ba4aa7d1a6c9a5f06daddd5c464a0d83af28ee5"
        },
        "host-environment-markers": {
            "implementation_name": "cpython",
            "implementation_version": "3.6.5",
            "os_name": "posix",
            "platform_machine": "x86_64",
            "platform_python_implementation": "CPython",
            "platform_release": "17.7.0",
            "platform_system": "Darwin",
            "platform_version": "Darwin Kernel Version 17.7.0: Thu Jun 21 22:53:14 PDT 2018; root:xnu-4570.71.2~1/RELEASE_X86_64",
            "python_full_version": "3.6.5",
            "python_version": "3.6",
            "sys_platform": "darwin"
        },
        "pipfile-spec": 6,
        "requires": {
            "python_version": "3.6"
        },
        "sources": [
            {
                "name": "pypi",
                "url": "https://pypi.org/simple",
                "verify_ssl": true
            }
        ]
    },
    "default": {
        "appnope": {
            "hashes": [],
            "markers": "sys_platform == 'darwin'",
            "version": "==0.1.0"
        },
        "astroid": {
            "hashes": [],
            "version": "==2.0.4"
        },
        "backcall": {
            "hashes": [],
            "version": "==0.1.0"
        },
        "bleach": {
            "hashes": [],
            "version": "==2.1.4"
        },
        "certifi": {
            "hashes": [],
            "version": "==2018.8.24"
        },
        "chardet": {
            "hashes": [],
            "version": "==3.0.4"
        },
        "cycler": {
            "hashes": [],
            "version": "==0.10.0"
        },
        "decorator": {
            "hashes": [],
            "version": "==4.3.0"
        },
        "emcee": {
            "hashes": [],
            "version": "==2.2.1"
        },
        "entrypoints": {
            "hashes": [],
            "version": "==0.2.3"
        },
        "future": {
            "hashes": [],
            "version": "==0.16.0"
        },
        "gpy": {
            "hashes": [],
            "version": "==1.9.5"
        },
        "gpyopt": {
            "hashes": [],
            "version": "==1.2.5"
        },
        "gym": {
            "hashes": [],
            "version": "==0.10.5"
        },
        "html5lib": {
            "hashes": [],
            "version": "==1.0.1"
        },
        "idna": {
            "hashes": [],
            "version": "==2.7"
        },
        "ipykernel": {
            "hashes": [],
            "version": "==4.9.0"
        },
        "ipython": {
            "hashes": [],
            "version": "==6.5.0"
        },
        "ipython-genutils": {
            "hashes": [],
            "version": "==0.2.0"
        },
        "ipywidgets": {
            "hashes": [],
            "version": "==7.4.1"
        },
        "isort": {
            "hashes": [],
            "version": "==4.3.4"
        },
        "jedi": {
            "hashes": [],
            "version": "==0.12.1"
        },
        "jinja2": {
            "hashes": [],
            "version": "==2.10"
        },
        "jsonschema": {
            "hashes": [],
            "version": "==2.6.0"
        },
        "jupyter": {
            "hashes": [],
            "version": "==1.0.0"
        },
        "jupyter-client": {
            "hashes": [],
            "version": "==5.2.3"
        },
        "jupyter-console": {
            "hashes": [],
            "version": "==5.2.0"
        },
        "jupyter-core": {
            "hashes": [],
            "version": "==4.4.0"
        },
        "jupyterlab": {
            "hashes": [],
            "version": "==0.34.7"
        },
        "jupyterlab-launcher": {
            "hashes": [],
            "version": "==0.13.1"
        },
        "kiwisolver": {
            "hashes": [],
            "version": "==1.0.1"
        },
        "lazy-object-proxy": {
            "hashes": [],
            "version": "==1.3.1"
        },
        "lightgbm": {
            "hashes": [],
            "version": "==2.1.2"
        },
        "markupsafe": {
            "hashes": [],
            "version": "==1.0"
        },
        "matplotlib": {
            "hashes": [],
            "version": "==2.2.3"
        },
        "mccabe": {
            "hashes": [],
            "version": "==0.6.1"
        },
        "mistune": {
            "hashes": [],
            "version": "==0.8.3"
        },
        "nbconvert": {
            "hashes": [],
            "version": "==5.3.1"
        },
        "nbformat": {
            "hashes": [],
            "version": "==4.4.0"
        },
        "notebook": {
            "hashes": [],
            "version": "==5.6.0"
        },
        "numpy": {
            "hashes": [],
            "version": "==1.15.1"
        },
        "pandas": {
            "hashes": [],
            "version": "==0.23.4"
        },
        "pandocfilters": {
            "hashes": [],
            "version": "==1.4.2"
        },
        "paramz": {
            "hashes": [],
            "version": "==0.9.4"
        },
        "parso": {
            "hashes": [],
            "version": "==0.3.1"
        },
        "pexpect": {
            "hashes": [],
            "markers": "sys_platform != 'win32'",
            "version": "==4.6.0"
        },
        "pickleshare": {
            "hashes": [],
            "version": "==0.7.4"
        },
        "pillow": {
            "hashes": [],
            "version": "==5.2.0"
        },
        "prometheus-client": {
            "hashes": [],
            "version": "==0.3.1"
        },
        "prompt-toolkit": {
            "hashes": [],
            "version": "==1.0.15"
        },
        "ptyprocess": {
            "hashes": [],
            "markers": "os_name != 'nt'",
            "version": "==0.6.0"
        },
        "pyglet": {
            "hashes": [],
            "version": "==1.3.2"
        },
        "pygments": {
            "hashes": [],
            "version": "==2.2.0"
        },
        "pylint": {
            "hashes": [],
            "version": "==2.1.1"
        },
        "pyparsing": {
            "hashes": [],
            "version": "==2.2.0"
        },
        "python-dateutil": {
            "hashes": [],
            "version": "==2.7.3"
        },
        "pytz": {
            "hashes": [],
            "version": "==2018.5"
        },
        "pyzmq": {
            "hashes": [],
            "version": "==17.1.2"
        },
        "qtconsole": {
            "hashes": [],
            "version": "==4.4.1"
        },
        "requests": {
            "hashes": [],
            "version": "==2.19.1"
        },
        "scikit-learn": {
            "hashes": [],
            "version": "==0.19.2"
        },
        "scipy": {
            "hashes": [],
            "version": "==1.1.0"
        },
        "seaborn": {
            "hashes": [],
            "version": "==0.9.0"
        },
        "send2trash": {
            "hashes": [],
            "version": "==1.5.0"
        },
        "simplegeneric": {
            "hashes": [],
            "version": "==0.8.1"
        },
        "six": {
            "hashes": [],
            "version": "==1.11.0"
        },
        "sklearn": {
            "hashes": [],
            "version": "==0.0"
        },
        "tabulate": {
            "hashes": [],
            "version": "==0.8.2"
        },
        "terminado": {
            "hashes": [],
            "version": "==0.8.1"
        },
        "testpath": {
            "hashes": [],
            "version": "==0.3.1"
        },
        "torch": {
            "hashes": [],
            "version": "==0.4.1"
        },
        "torchvision": {
            "hashes": [],
            "version": "==0.2.1"
        },
        "tornado": {
            "hashes": [],
            "version": "==5.1"
        },
        "tqdm": {
            "hashes": [],
            "version": "==4.25.0"
        },
        "traitlets": {
            "hashes": [],
            "version": "==4.3.2"
        },
        "typed-ast": {
            "hashes": [],
            "markers": "python_version < '3.7' and implementation_name == 'cpython'",
            "version": "==1.1.0"
        },
        "urllib3": {
            "hashes": [],
            "version": "==1.23"
        },
        "wcwidth": {
            "hashes": [],
            "version": "==0.1.7"
        },
        "webencodings": {
            "hashes": [],
            "version": "==0.5.1"
        },
        "widgetsnbextension": {
            "hashes": [],
            "version": "==3.4.1"
        },
        "wrapt": {
            "hashes": [],
            "version": "==1.10.11"
        }
    },
    "develop": {}
}
